
Microsoft Visual Studio Solution File, Format Version 12.00
# Visual Studio Version 17
VisualStudioVersion = 17.10.35013.160
MinimumVisualStudioVersion = 10.0.40219.1
Project("{9A19103F-16F7-4668-BE54-9A1E7A4F7556}") = "hms-800w-2t", "src\hms-800w-2t\hms-800w-2t.csproj", "{A7027D4F-88A8-4052-A514-7013DF881127}"
EndProject
Global
	GlobalSection(SolutionConfigurationPlatforms) = preSolution
		Debug|Any CPU = Debug|Any CPU
		Release|Any CPU = Release|Any CPU
	EndGlobalSection
	GlobalSection(ProjectConfigurationPlatforms) = postSolution
		{A7027D4F-88A8-4052-A514-7013DF881127}.Debug|Any CPU.ActiveCfg = Debug|Any CPU
		{A7027D4F-88A8-4052-A514-7013DF881127}.Debug|Any CPU.Build.0 = Debug|Any CPU
		{A7027D4F-88A8-4052-A514-7013DF881127}.Release|Any CPU.ActiveCfg = Release|Any CPU
		{A7027D4F-88A8-4052-A514-7013DF881127}.Release|Any CPU.Build.0 = Release|Any CPU
	EndGlobalSection
	GlobalSection(SolutionProperties) = preSolution
		HideSolutionNode = FALSE
	EndGlobalSection
	GlobalSection(ExtensibilityGlobals) = postSolution
		SolutionGuid = {202BDBBC-49A8-4ABB-B4F8-6F3DFD5CB5CC}
	EndGlobalSection
EndGlobal
